
Microsoft Visual Studio Solution File, Format Version 12.00
# Visual Studio Version 16
VisualStudioVersion = 16.0.31129.286
MinimumVisualStudioVersion = 10.0.40219.1
Project("{FAE04EC0-301F-11D3-BF4B-00C04F79EFBC}") = "ConsoleApp3", "ConsoleApp3\ConsoleApp3.csproj", "{4099D001-2803-4852-A390-531C7AE6E66B}"
EndProject
Global
	GlobalSection(SolutionConfigurationPlatforms) = preSolution
		Debug|Any CPU = Debug|Any CPU
		Release|Any CPU = Release|Any CPU
	EndGlobalSection
	GlobalSection(ProjectConfigurationPlatforms) = postSolution
		{4099D001-2803-4852-A390-531C7AE6E66B}.Debug|Any CPU.ActiveCfg = Debug|Any CPU
		{4099D001-2803-4852-A390-531C7AE6E66B}.Debug|Any CPU.Build.0 = Debug|Any CPU
		{4099D001-2803-4852-A390-531C7AE6E66B}.Release|Any CPU.ActiveCfg = Release|Any CPU
		{4099D001-2803-4852-A390-531C7AE6E66B}.Release|Any CPU.Build.0 = Release|Any CPU
	EndGlobalSection
	GlobalSection(SolutionProperties) = preSolution
		HideSolutionNode = FALSE
	EndGlobalSection
	GlobalSection(ExtensibilityGlobals) = postSolution
		SolutionGuid = {7790896B-3A73-4844-BEE0-502FF09C083D}
	EndGlobalSection
EndGlobal
